<?xml version="1.0" encoding="utf-8"?>
<Project ToolsVersion="4.0" xmlns="http://schemas.microsoft.com/developer/msbuild/2003">
  <ItemGroup>
    <Filter Include="Source Files">
      <UniqueIdentifier>{4FC737F1-C7A5-4376-A066-2A32D752A2FF}</UniqueIdentifier>
      <Extensions>cpp;c;cc;cxx;def;odl;idl;hpj;bat;asm;asmx</Extensions>
    </Filter>
    <Filter Include="Header Files">
      <UniqueIdentifier>{93995380-89BD-4b04-88EB-625FBE52EBFB}</UniqueIdentifier>
      <Extensions>h;hpp;hxx;hm;inl;inc;xsd</Extensions>
    </Filter>
    <Filter Include="Resource Files">
      <UniqueIdentifier>{67DA6AB6-F800-4c08-8B7A-83BB121AAD01}</UniqueIdentifier>
      <Extensions>rc;ico;cur;bmp;dlg;rc2;rct;bin;rgs;gif;jpg;jpeg;jpe;resx;tiff;tif;png;wav</Extensions>
    </Filter>
  </ItemGroup>
  <ItemGroup>
    <ClCompile Include="XWing.cpp">
      <Filter>Source Files</Filter>
    </ClCompile>
    <ClCompile Include="BackBuffer.cpp">
      <Filter>Source Files</Filter>
    </ClCompile>
    <ClCompile Include="Bitmapa.cpp">
      <Filter>Source Files</Filter>
    </ClCompile>
    <ClCompile Include="CfgFile.cpp">
      <Filter>Source Files</Filter>
    </ClCompile>
    <ClCompile Include="Scene.cpp">
      <Filter>Source Files</Filter>
    </ClCompile>
    <ClCompile Include="stdafx.cpp">
      <Filter>Source Files</Filter>
    </ClCompile>
    <ClCompile Include="CPozice.cpp">
      <Filter>Source Files</Filter>
    </ClCompile>
    <ClCompile Include="CBackground.cpp">
      <Filter>Source Files</Filter>
    </ClCompile>
    <ClCompile Include="CLives.cpp">
      <Filter>Source Files</Filter>
    </ClCompile>
    <ClCompile Include="Cxwing.cpp">
      <Filter>Source Files</Filter>
    </ClCompile>
    <ClCompile Include="CAsteroid.cpp">
      <Filter>Source Files</Filter>
    </ClCompile>
    <ClCompile Include="CAsteroidy.cpp">
      <Filter>Source Files</Filter>
    </ClCompile>
    <ClCompile Include="CVictory.cpp">
      <Filter>Source Files</Filter>
    </ClCompile>
  </ItemGroup>
  <ItemGroup>
    <ClInclude Include="XWing.h">
      <Filter>Header Files</Filter>
    </ClInclude>
    <ClInclude Include="BackBuffer.h">
      <Filter>Header Files</Filter>
    </ClInclude>
    <ClInclude Include="Bitmapa.h">
      <Filter>Header Files</Filter>
    </ClInclude>
    <ClInclude Include="CfgFile.h">
      <Filter>Header Files</Filter>
    </ClInclude>
    <ClInclude Include="Resource.h">
      <Filter>Header Files</Filter>
    </ClInclude>
    <ClInclude Include="Scene.h">
      <Filter>Header Files</Filter>
    </ClInclude>
    <ClInclude Include="stdafx.h">
      <Filter>Header Files</Filter>
    </ClInclude>
    <ClInclude Include="targetver.h">
      <Filter>Header Files</Filter>
    </ClInclude>
    <ClInclude Include="CPozice.h">
      <Filter>Header Files</Filter>
    </ClInclude>
    <ClInclude Include="CBackground.h">
      <Filter>Header Files</Filter>
    </ClInclude>
    <ClInclude Include="CLives.h">
      <Filter>Header Files</Filter>
    </ClInclude>
    <ClInclude Include="Cxwing.h">
      <Filter>Header Files</Filter>
    </ClInclude>
    <ClInclude Include="CAsteroid.h">
      <Filter>Header Files</Filter>
    </ClInclude>
    <ClInclude Include="CAsteroidy.h">
      <Filter>Header Files</Filter>
    </ClInclude>
    <ClInclude Include="CVictory.h">
      <Filter>Header Files</Filter>
    </ClInclude>
  </ItemGroup>
  <ItemGroup>
    <Image Include="2017_BitmapHraTemplate.ico">
      <Filter>Resource Files</Filter>
    </Image>
    <Image Include="small.ico">
      <Filter>Resource Files</Filter>
    </Image>
  </ItemGroup>
  <ItemGroup>
    <ResourceCompile Include="2017_BitmapHraTemplate.rc">
      <Filter>Resource Files</Filter>
    </ResourceCompile>
  </ItemGroup>
  <ItemGroup>
    <Text Include="ReadMe.txt" />
  </ItemGroup>
</Project>